
Microsoft Visual Studio Solution File, Format Version 12.00
# Visual Studio Version 17
VisualStudioVersion = 17.9.34902.65
MinimumVisualStudioVersion = 10.0.40219.1
Project("{9A19103F-16F7-4668-BE54-9A1E7A4F7556}") = "BestellSystem", "BestellSystem\BestellSystem.csproj", "{BA73FF10-72F3-4EFA-80A4-4BB187451EBA}"
EndProject
Project("{FAE04EC0-301F-11D3-BF4B-00C04F79EFBC}") = "BestellSystemUI", "BestellSystemUI\BestellSystemUI.csproj", "{5F5A99DA-3BBC-4EB1-83D2-A9A704404278}"
EndProject
Global
	GlobalSection(SolutionConfigurationPlatforms) = preSolution
		Debug|Any CPU = Debug|Any CPU
		Release|Any CPU = Release|Any CPU
	EndGlobalSection
	GlobalSection(ProjectConfigurationPlatforms) = postSolution
		{BA73FF10-72F3-4EFA-80A4-4BB187451EBA}.Debug|Any CPU.ActiveCfg = Debug|Any CPU
		{BA73FF10-72F3-4EFA-80A4-4BB187451EBA}.Debug|Any CPU.Build.0 = Debug|Any CPU
		{BA73FF10-72F3-4EFA-80A4-4BB187451EBA}.Release|Any CPU.ActiveCfg = Release|Any CPU
		{BA73FF10-72F3-4EFA-80A4-4BB187451EBA}.Release|Any CPU.Build.0 = Release|Any CPU
		{5F5A99DA-3BBC-4EB1-83D2-A9A704404278}.Debug|Any CPU.ActiveCfg = Debug|Any CPU
		{5F5A99DA-3BBC-4EB1-83D2-A9A704404278}.Debug|Any CPU.Build.0 = Debug|Any CPU
		{5F5A99DA-3BBC-4EB1-83D2-A9A704404278}.Release|Any CPU.ActiveCfg = Release|Any CPU
		{5F5A99DA-3BBC-4EB1-83D2-A9A704404278}.Release|Any CPU.Build.0 = Release|Any CPU
	EndGlobalSection
	GlobalSection(SolutionProperties) = preSolution
		HideSolutionNode = FALSE
	EndGlobalSection
	GlobalSection(ExtensibilityGlobals) = postSolution
		SolutionGuid = {B937089F-A799-4B45-898F-F77BB0782788}
	EndGlobalSection
EndGlobal
